{
    "name": "cli",
    "lockfileVersion": 3,
    "requires": true,
    "packages": {
        "": {
            "workspaces": [
                "../packages/index-builder",
                "../packages/index-searcher"
            ],
            "dependencies": {
                "@token-typer/index-builder": "*",
                "@token-typer/index-searcher": "*"
            }
        },
        "../packages/builder": {
            "name": "@token-typer/index-builder",
            "version": "0.1.0",
            "extraneous": true,
            "license": "MIT",
            "workspaces": [
                "../searcher"
            ],
            "dependencies": {
                "@token-typer/index-searcher": "*",
                "fast-glob": "^3.3.2"
            },
            "devDependencies": {
                "@eslint/js": "^9.2.0",
                "eslint": "^8.57.0",
                "prettier": "^3.2.5",
                "typescript": "^5.4.5",
                "typescript-eslint": "^7.8.0"
            }
        },
        "../packages/index-builder": {
            "version": "0.1.0",
            "license": "MIT",
            "workspaces": [
                "../index-searcher"
            ],
            "dependencies": {
                "@token-typer/index-searcher": "*",
                "fast-glob": "^3.3.2"
            },
            "devDependencies": {
                "@eslint/js": "^9.2.0",
                "eslint": "^8.57.0",
                "prettier": "^3.2.5",
                "typescript": "^5.4.5",
                "typescript-eslint": "^7.8.0"
            }
        },
        "../packages/index-searcher": {
            "version": "0.1.0",
            "license": "MIT",
            "dependencies": {
                "fastest-levenshtein": "^1.0.16"
            },
            "devDependencies": {
                "@eslint/js": "^9.2.0",
                "eslint": "^8.57.0",
                "prettier": "^3.2.5",
                "typescript": "^5.4.5",
                "typescript-eslint": "^7.8.0"
            }
        },
        "../packages/searcher": {
            "name": "@token-typer/index-searcher",
            "version": "0.1.0",
            "extraneous": true,
            "license": "MIT",
            "dependencies": {
                "fastest-levenshtein": "^1.0.16"
            },
            "devDependencies": {
                "@eslint/js": "^9.2.0",
                "eslint": "^8.57.0",
                "prettier": "^3.2.5",
                "typescript": "^5.4.5",
                "typescript-eslint": "^7.8.0"
            }
        },
        "node_modules/@token-typer/index-builder": {
            "resolved": "../packages/index-builder",
            "link": true
        },
        "node_modules/@token-typer/index-searcher": {
            "resolved": "../packages/index-searcher",
            "link": true
        }
    }
}
